{
    "_meta": {
        "hash": {
            "sha256": "3b783ce20134373518c83328ce40602e4b264143aabe346bde4d3976dc8a3900"
        },
        "pipfile-spec": 6,
        "requires": {
            "python_version": "3.10"
        },
        "sources": [
            {
                "name": "pypi",
                "url": "https://pypi.org/simple",
                "verify_ssl": true
            }
        ]
    },
    "default": {
        "neotermcolor": {
            "hashes": [
                "sha256:ac1026df5578fd38d8a876d80127d40ad36107f47b014e212c842b794f9ec71d"
            ],
            "index": "pypi",
            "version": "==2.0.10"
        }
    },
    "develop": {}
}
